
Microsoft Visual Studio Solution File, Format Version 12.00
# Visual Studio 15
VisualStudioVersion = 15.0.28010.2003
MinimumVisualStudioVersion = 10.0.40219.1
Project("{FAE04EC0-301F-11D3-BF4B-00C04F79EFBC}") = "Lands_V9.Android", "Lands_V9\Lands_V9.Android\Lands_V9.Android.csproj", "{91C29678-1086-4F9F-9D9D-7195FA5C6DC3}"
EndProject
Project("{FAE04EC0-301F-11D3-BF4B-00C04F79EFBC}") = "Lands_V9.iOS", "Lands_V9\Lands_V9.iOS\Lands_V9.iOS.csproj", "{F0BDC628-B60E-4AE4-AEF0-931E19C3F29B}"
EndProject
Project("{9A19103F-16F7-4668-BE54-9A1E7A4F7556}") = "Lands_V9", "Lands_V9\Lands_V9\Lands_V9.csproj", "{400C473C-78B0-4A0B-B6AC-356B3FB87F78}"
EndProject
Project("{FAE04EC0-301F-11D3-BF4B-00C04F79EFBC}") = "Lands_V9.Domain", "Lands_V9.Domain\Lands_V9.Domain.csproj", "{2DC74979-3305-4F07-BFDB-C822C76BEBBF}"
EndProject
Project("{FAE04EC0-301F-11D3-BF4B-00C04F79EFBC}") = "Lands_V9.Backend", "Lands_V9.Backend\Lands_V9.Backend.csproj", "{01E941B3-B3F5-4508-95FF-214270C399D8}"
EndProject
Project("{FAE04EC0-301F-11D3-BF4B-00C04F79EFBC}") = "Lands_V9.API", "Lands_V9.API\Lands_V9.API.csproj", "{0AA13CC5-6018-4974-B1B7-8DFCE1B73162}"
EndProject
Global
	GlobalSection(SolutionConfigurationPlatforms) = preSolution
		Ad-Hoc|Any CPU = Ad-Hoc|Any CPU
		Ad-Hoc|iPhone = Ad-Hoc|iPhone
		Ad-Hoc|iPhoneSimulator = Ad-Hoc|iPhoneSimulator
		Ad-Hoc|x86 = Ad-Hoc|x86
		AppStore|Any CPU = AppStore|Any CPU
		AppStore|iPhone = AppStore|iPhone
		AppStore|iPhoneSimulator = AppStore|iPhoneSimulator
		AppStore|x86 = AppStore|x86
		Debug|Any CPU = Debug|Any CPU
		Debug|iPhone = Debug|iPhone
		Debug|iPhoneSimulator = Debug|iPhoneSimulator
		Debug|x86 = Debug|x86
		Release|Any CPU = Release|Any CPU
		Release|iPhone = Release|iPhone
		Release|iPhoneSimulator = Release|iPhoneSimulator
		Release|x86 = Release|x86
	EndGlobalSection
	GlobalSection(ProjectConfigurationPlatforms) = postSolution
		{91C29678-1086-4F9F-9D9D-7195FA5C6DC3}.Ad-Hoc|Any CPU.ActiveCfg = Release|Any CPU
		{91C29678-1086-4F9F-9D9D-7195FA5C6DC3}.Ad-Hoc|Any CPU.Build.0 = Release|Any CPU
		{91C29678-1086-4F9F-9D9D-7195FA5C6DC3}.Ad-Hoc|Any CPU.Deploy.0 = Release|Any CPU
		{91C29678-1086-4F9F-9D9D-7195FA5C6DC3}.Ad-Hoc|iPhone.ActiveCfg = Release|Any CPU
		{91C29678-1086-4F9F-9D9D-7195FA5C6DC3}.Ad-Hoc|iPhone.Build.0 = Release|Any CPU
		{91C29678-1086-4F9F-9D9D-7195FA5C6DC3}.Ad-Hoc|iPhone.Deploy.0 = Release|Any CPU
		{91C29678-1086-4F9F-9D9D-7195FA5C6DC3}.Ad-Hoc|iPhoneSimulator.ActiveCfg = Release|Any CPU
		{91C29678-1086-4F9F-9D9D-7195FA5C6DC3}.Ad-Hoc|iPhoneSimulator.Build.0 = Release|Any CPU
		{91C29678-1086-4F9F-9D9D-7195FA5C6DC3}.Ad-Hoc|iPhoneSimulator.Deploy.0 = Release|Any CPU
		{91C29678-1086-4F9F-9D9D-7195FA5C6DC3}.Ad-Hoc|x86.ActiveCfg = Release|x86
		{91C29678-1086-4F9F-9D9D-7195FA5C6DC3}.Ad-Hoc|x86.Build.0 = Release|x86
		{91C29678-1086-4F9F-9D9D-7195FA5C6DC3}.Ad-Hoc|x86.Deploy.0 = Release|x86
		{91C29678-1086-4F9F-9D9D-7195FA5C6DC3}.AppStore|Any CPU.ActiveCfg = Release|Any CPU
		{91C29678-1086-4F9F-9D9D-7195FA5C6DC3}.AppStore|Any CPU.Build.0 = Release|Any CPU
		{91C29678-1086-4F9F-9D9D-7195FA5C6DC3}.AppStore|Any CPU.Deploy.0 = Release|Any CPU
		{91C29678-1086-4F9F-9D9D-7195FA5C6DC3}.AppStore|iPhone.ActiveCfg = Release|Any CPU
		{91C29678-1086-4F9F-9D9D-7195FA5C6DC3}.AppStore|iPhone.Build.0 = Release|Any CPU
		{91C29678-1086-4F9F-9D9D-7195FA5C6DC3}.AppStore|iPhone.Deploy.0 = Release|Any CPU
		{91C29678-1086-4F9F-9D9D-7195FA5C6DC3}.AppStore|iPhoneSimulator.ActiveCfg = Release|Any CPU
		{91C29678-1086-4F9F-9D9D-7195FA5C6DC3}.AppStore|iPhoneSimulator.Build.0 = Release|Any CPU
		{91C29678-1086-4F9F-9D9D-7195FA5C6DC3}.AppStore|iPhoneSimulator.Deploy.0 = Release|Any CPU
		{91C29678-1086-4F9F-9D9D-7195FA5C6DC3}.AppStore|x86.ActiveCfg = Release|x86
		{91C29678-1086-4F9F-9D9D-7195FA5C6DC3}.AppStore|x86.Build.0 = Release|x86
		{91C29678-1086-4F9F-9D9D-7195FA5C6DC3}.AppStore|x86.Deploy.0 = Release|x86
		{91C29678-1086-4F9F-9D9D-7195FA5C6DC3}.Debug|Any CPU.ActiveCfg = Debug|Any CPU
		{91C29678-1086-4F9F-9D9D-7195FA5C6DC3}.Debug|Any CPU.Build.0 = Debug|Any CPU
		{91C29678-1086-4F9F-9D9D-7195FA5C6DC3}.Debug|Any CPU.Deploy.0 = Debug|Any CPU
		{91C29678-1086-4F9F-9D9D-7195FA5C6DC3}.Debug|iPhone.ActiveCfg = Debug|Any CPU
		{91C29678-1086-4F9F-9D9D-7195FA5C6DC3}.Debug|iPhone.Build.0 = Debug|Any CPU
		{91C29678-1086-4F9F-9D9D-7195FA5C6DC3}.Debug|iPhone.Deploy.0 = Debug|Any CPU
		{91C29678-1086-4F9F-9D9D-7195FA5C6DC3}.Debug|iPhoneSimulator.ActiveCfg = Debug|Any CPU
		{91C29678-1086-4F9F-9D9D-7195FA5C6DC3}.Debug|iPhoneSimulator.Build.0 = Debug|Any CPU
		{91C29678-1086-4F9F-9D9D-7195FA5C6DC3}.Debug|iPhoneSimulator.Deploy.0 = Debug|Any CPU
		{91C29678-1086-4F9F-9D9D-7195FA5C6DC3}.Debug|x86.ActiveCfg = Debug|x86
		{91C29678-1086-4F9F-9D9D-7195FA5C6DC3}.Debug|x86.Build.0 = Debug|x86
		{91C29678-1086-4F9F-9D9D-7195FA5C6DC3}.Debug|x86.Deploy.0 = Debug|x86
		{91C29678-1086-4F9F-9D9D-7195FA5C6DC3}.Release|Any CPU.ActiveCfg = Release|Any CPU
		{91C29678-1086-4F9F-9D9D-7195FA5C6DC3}.Release|Any CPU.Build.0 = Release|Any CPU
		{91C29678-1086-4F9F-9D9D-7195FA5C6DC3}.Release|Any CPU.Deploy.0 = Release|Any CPU
		{91C29678-1086-4F9F-9D9D-7195FA5C6DC3}.Release|iPhone.ActiveCfg = Release|Any CPU
		{91C29678-1086-4F9F-9D9D-7195FA5C6DC3}.Release|iPhone.Build.0 = Release|Any CPU
		{91C29678-1086-4F9F-9D9D-7195FA5C6DC3}.Release|iPhone.Deploy.0 = Release|Any CPU
		{91C29678-1086-4F9F-9D9D-7195FA5C6DC3}.Release|iPhoneSimulator.ActiveCfg = Release|Any CPU
		{91C29678-1086-4F9F-9D9D-7195FA5C6DC3}.Release|iPhoneSimulator.Build.0 = Release|Any CPU
		{91C29678-1086-4F9F-9D9D-7195FA5C6DC3}.Release|iPhoneSimulator.Deploy.0 = Release|Any CPU
		{91C29678-1086-4F9F-9D9D-7195FA5C6DC3}.Release|x86.ActiveCfg = Release|x86
		{91C29678-1086-4F9F-9D9D-7195FA5C6DC3}.Release|x86.Build.0 = Release|x86
		{91C29678-1086-4F9F-9D9D-7195FA5C6DC3}.Release|x86.Deploy.0 = Release|x86
		{F0BDC628-B60E-4AE4-AEF0-931E19C3F29B}.Ad-Hoc|Any CPU.ActiveCfg = Ad-Hoc|iPhone
		{F0BDC628-B60E-4AE4-AEF0-931E19C3F29B}.Ad-Hoc|Any CPU.Build.0 = Ad-Hoc|iPhone
		{F0BDC628-B60E-4AE4-AEF0-931E19C3F29B}.Ad-Hoc|Any CPU.Deploy.0 = Ad-Hoc|iPhone
		{F0BDC628-B60E-4AE4-AEF0-931E19C3F29B}.Ad-Hoc|iPhone.ActiveCfg = Ad-Hoc|iPhone
		{F0BDC628-B60E-4AE4-AEF0-931E19C3F29B}.Ad-Hoc|iPhone.Build.0 = Ad-Hoc|iPhone
		{F0BDC628-B60E-4AE4-AEF0-931E19C3F29B}.Ad-Hoc|iPhone.Deploy.0 = Ad-Hoc|iPhone
		{F0BDC628-B60E-4AE4-AEF0-931E19C3F29B}.Ad-Hoc|iPhoneSimulator.ActiveCfg = Ad-Hoc|iPhoneSimulator
		{F0BDC628-B60E-4AE4-AEF0-931E19C3F29B}.Ad-Hoc|iPhoneSimulator.Build.0 = Ad-Hoc|iPhoneSimulator
		{F0BDC628-B60E-4AE4-AEF0-931E19C3F29B}.Ad-Hoc|iPhoneSimulator.Deploy.0 = Ad-Hoc|iPhoneSimulator
		{F0BDC628-B60E-4AE4-AEF0-931E19C3F29B}.Ad-Hoc|x86.ActiveCfg = Ad-Hoc|iPhoneSimulator
		{F0BDC628-B60E-4AE4-AEF0-931E19C3F29B}.AppStore|Any CPU.ActiveCfg = AppStore|iPhone
		{F0BDC628-B60E-4AE4-AEF0-931E19C3F29B}.AppStore|Any CPU.Build.0 = AppStore|iPhone
		{F0BDC628-B60E-4AE4-AEF0-931E19C3F29B}.AppStore|Any CPU.Deploy.0 = AppStore|iPhone
		{F0BDC628-B60E-4AE4-AEF0-931E19C3F29B}.AppStore|iPhone.ActiveCfg = AppStore|iPhone
		{F0BDC628-B60E-4AE4-AEF0-931E19C3F29B}.AppStore|iPhone.Build.0 = AppStore|iPhone
		{F0BDC628-B60E-4AE4-AEF0-931E19C3F29B}.AppStore|iPhone.Deploy.0 = AppStore|iPhone
		{F0BDC628-B60E-4AE4-AEF0-931E19C3F29B}.AppStore|iPhoneSimulator.ActiveCfg = AppStore|iPhoneSimulator
		{F0BDC628-B60E-4AE4-AEF0-931E19C3F29B}.AppStore|iPhoneSimulator.Build.0 = AppStore|iPhoneSimulator
		{F0BDC628-B60E-4AE4-AEF0-931E19C3F29B}.AppStore|iPhoneSimulator.Deploy.0 = AppStore|iPhoneSimulator
		{F0BDC628-B60E-4AE4-AEF0-931E19C3F29B}.AppStore|x86.ActiveCfg = AppStore|iPhoneSimulator
		{F0BDC628-B60E-4AE4-AEF0-931E19C3F29B}.Debug|Any CPU.ActiveCfg = Debug|iPhoneSimulator
		{F0BDC628-B60E-4AE4-AEF0-931E19C3F29B}.Debug|Any CPU.Build.0 = Debug|iPhoneSimulator
		{F0BDC628-B60E-4AE4-AEF0-931E19C3F29B}.Debug|Any CPU.Deploy.0 = Debug|iPhoneSimulator
		{F0BDC628-B60E-4AE4-AEF0-931E19C3F29B}.Debug|iPhone.ActiveCfg = Debug|iPhone
		{F0BDC628-B60E-4AE4-AEF0-931E19C3F29B}.Debug|iPhone.Build.0 = Debug|iPhone
		{F0BDC628-B60E-4AE4-AEF0-931E19C3F29B}.Debug|iPhone.Deploy.0 = Debug|iPhone
		{F0BDC628-B60E-4AE4-AEF0-931E19C3F29B}.Debug|iPhoneSimulator.ActiveCfg = Debug|iPhoneSimulator
		{F0BDC628-B60E-4AE4-AEF0-931E19C3F29B}.Debug|iPhoneSimulator.Build.0 = Debug|iPhoneSimulator
		{F0BDC628-B60E-4AE4-AEF0-931E19C3F29B}.Debug|iPhoneSimulator.Deploy.0 = Debug|iPhoneSimulator
		{F0BDC628-B60E-4AE4-AEF0-931E19C3F29B}.Debug|x86.ActiveCfg = Debug|iPhone
		{F0BDC628-B60E-4AE4-AEF0-931E19C3F29B}.Release|Any CPU.ActiveCfg = Release|iPhone
		{F0BDC628-B60E-4AE4-AEF0-931E19C3F29B}.Release|Any CPU.Build.0 = Release|iPhone
		{F0BDC628-B60E-4AE4-AEF0-931E19C3F29B}.Release|Any CPU.Deploy.0 = Release|iPhone
		{F0BDC628-B60E-4AE4-AEF0-931E19C3F29B}.Release|iPhone.ActiveCfg = Release|iPhone
		{F0BDC628-B60E-4AE4-AEF0-931E19C3F29B}.Release|iPhone.Build.0 = Release|iPhone
		{F0BDC628-B60E-4AE4-AEF0-931E19C3F29B}.Release|iPhone.Deploy.0 = Release|iPhone
		{F0BDC628-B60E-4AE4-AEF0-931E19C3F29B}.Release|iPhoneSimulator.ActiveCfg = Release|iPhoneSimulator
		{F0BDC628-B60E-4AE4-AEF0-931E19C3F29B}.Release|iPhoneSimulator.Build.0 = Release|iPhoneSimulator
		{F0BDC628-B60E-4AE4-AEF0-931E19C3F29B}.Release|iPhoneSimulator.Deploy.0 = Release|iPhoneSimulator
		{F0BDC628-B60E-4AE4-AEF0-931E19C3F29B}.Release|x86.ActiveCfg = Release|iPhoneSimulator
		{400C473C-78B0-4A0B-B6AC-356B3FB87F78}.Ad-Hoc|Any CPU.ActiveCfg = Debug|Any CPU
		{400C473C-78B0-4A0B-B6AC-356B3FB87F78}.Ad-Hoc|Any CPU.Build.0 = Debug|Any CPU
		{400C473C-78B0-4A0B-B6AC-356B3FB87F78}.Ad-Hoc|Any CPU.Deploy.0 = Debug|Any CPU
		{400C473C-78B0-4A0B-B6AC-356B3FB87F78}.Ad-Hoc|iPhone.ActiveCfg = Debug|Any CPU
		{400C473C-78B0-4A0B-B6AC-356B3FB87F78}.Ad-Hoc|iPhone.Build.0 = Debug|Any CPU
		{400C473C-78B0-4A0B-B6AC-356B3FB87F78}.Ad-Hoc|iPhone.Deploy.0 = Debug|Any CPU
		{400C473C-78B0-4A0B-B6AC-356B3FB87F78}.Ad-Hoc|iPhoneSimulator.ActiveCfg = Debug|Any CPU
		{400C473C-78B0-4A0B-B6AC-356B3FB87F78}.Ad-Hoc|iPhoneSimulator.Build.0 = Debug|Any CPU
		{400C473C-78B0-4A0B-B6AC-356B3FB87F78}.Ad-Hoc|iPhoneSimulator.Deploy.0 = Debug|Any CPU
		{400C473C-78B0-4A0B-B6AC-356B3FB87F78}.Ad-Hoc|x86.ActiveCfg = Release|Any CPU
		{400C473C-78B0-4A0B-B6AC-356B3FB87F78}.Ad-Hoc|x86.Build.0 = Release|Any CPU
		{400C473C-78B0-4A0B-B6AC-356B3FB87F78}.AppStore|Any CPU.ActiveCfg = Debug|Any CPU
		{400C473C-78B0-4A0B-B6AC-356B3FB87F78}.AppStore|Any CPU.Build.0 = Debug|Any CPU
		{400C473C-78B0-4A0B-B6AC-356B3FB87F78}.AppStore|Any CPU.Deploy.0 = Debug|Any CPU
		{400C473C-78B0-4A0B-B6AC-356B3FB87F78}.AppStore|iPhone.ActiveCfg = Debug|Any CPU
		{400C473C-78B0-4A0B-B6AC-356B3FB87F78}.AppStore|iPhone.Build.0 = Debug|Any CPU
		{400C473C-78B0-4A0B-B6AC-356B3FB87F78}.AppStore|iPhone.Deploy.0 = Debug|Any CPU
		{400C473C-78B0-4A0B-B6AC-356B3FB87F78}.AppStore|iPhoneSimulator.ActiveCfg = Debug|Any CPU
		{400C473C-78B0-4A0B-B6AC-356B3FB87F78}.AppStore|iPhoneSimulator.Build.0 = Debug|Any CPU
		{400C473C-78B0-4A0B-B6AC-356B3FB87F78}.AppStore|iPhoneSimulator.Deploy.0 = Debug|Any CPU
		{400C473C-78B0-4A0B-B6AC-356B3FB87F78}.AppStore|x86.ActiveCfg = Release|Any CPU
		{400C473C-78B0-4A0B-B6AC-356B3FB87F78}.AppStore|x86.Build.0 = Release|Any CPU
		{400C473C-78B0-4A0B-B6AC-356B3FB87F78}.Debug|Any CPU.ActiveCfg = Debug|Any CPU
		{400C473C-78B0-4A0B-B6AC-356B3FB87F78}.Debug|Any CPU.Build.0 = Debug|Any CPU
		{400C473C-78B0-4A0B-B6AC-356B3FB87F78}.Debug|Any CPU.Deploy.0 = Debug|Any CPU
		{400C473C-78B0-4A0B-B6AC-356B3FB87F78}.Debug|iPhone.ActiveCfg = Debug|Any CPU
		{400C473C-78B0-4A0B-B6AC-356B3FB87F78}.Debug|iPhone.Build.0 = Debug|Any CPU
		{400C473C-78B0-4A0B-B6AC-356B3FB87F78}.Debug|iPhone.Deploy.0 = Debug|Any CPU
		{400C473C-78B0-4A0B-B6AC-356B3FB87F78}.Debug|iPhoneSimulator.ActiveCfg = Debug|Any CPU
		{400C473C-78B0-4A0B-B6AC-356B3FB87F78}.Debug|iPhoneSimulator.Build.0 = Debug|Any CPU
		{400C473C-78B0-4A0B-B6AC-356B3FB87F78}.Debug|iPhoneSimulator.Deploy.0 = Debug|Any CPU
		{400C473C-78B0-4A0B-B6AC-356B3FB87F78}.Debug|x86.ActiveCfg = Debug|Any CPU
		{400C473C-78B0-4A0B-B6AC-356B3FB87F78}.Debug|x86.Build.0 = Debug|Any CPU
		{400C473C-78B0-4A0B-B6AC-356B3FB87F78}.Release|Any CPU.ActiveCfg = Release|Any CPU
		{400C473C-78B0-4A0B-B6AC-356B3FB87F78}.Release|Any CPU.Build.0 = Release|Any CPU
		{400C473C-78B0-4A0B-B6AC-356B3FB87F78}.Release|Any CPU.Deploy.0 = Release|Any CPU
		{400C473C-78B0-4A0B-B6AC-356B3FB87F78}.Release|iPhone.ActiveCfg = Release|Any CPU
		{400C473C-78B0-4A0B-B6AC-356B3FB87F78}.Release|iPhone.Build.0 = Release|Any CPU
		{400C473C-78B0-4A0B-B6AC-356B3FB87F78}.Release|iPhone.Deploy.0 = Release|Any CPU
		{400C473C-78B0-4A0B-B6AC-356B3FB87F78}.Release|iPhoneSimulator.ActiveCfg = Release|Any CPU
		{400C473C-78B0-4A0B-B6AC-356B3FB87F78}.Release|iPhoneSimulator.Build.0 = Release|Any CPU
		{400C473C-78B0-4A0B-B6AC-356B3FB87F78}.Release|iPhoneSimulator.Deploy.0 = Release|Any CPU
		{400C473C-78B0-4A0B-B6AC-356B3FB87F78}.Release|x86.ActiveCfg = Release|Any CPU
		{400C473C-78B0-4A0B-B6AC-356B3FB87F78}.Release|x86.Build.0 = Release|Any CPU
		{2DC74979-3305-4F07-BFDB-C822C76BEBBF}.Ad-Hoc|Any CPU.ActiveCfg = Release|Any CPU
		{2DC74979-3305-4F07-BFDB-C822C76BEBBF}.Ad-Hoc|Any CPU.Build.0 = Release|Any CPU
		{2DC74979-3305-4F07-BFDB-C822C76BEBBF}.Ad-Hoc|iPhone.ActiveCfg = Release|Any CPU
		{2DC74979-3305-4F07-BFDB-C822C76BEBBF}.Ad-Hoc|iPhone.Build.0 = Release|Any CPU
		{2DC74979-3305-4F07-BFDB-C822C76BEBBF}.Ad-Hoc|iPhoneSimulator.ActiveCfg = Release|Any CPU
		{2DC74979-3305-4F07-BFDB-C822C76BEBBF}.Ad-Hoc|iPhoneSimulator.Build.0 = Release|Any CPU
		{2DC74979-3305-4F07-BFDB-C822C76BEBBF}.Ad-Hoc|x86.ActiveCfg = Debug|Any CPU
		{2DC74979-3305-4F07-BFDB-C822C76BEBBF}.Ad-Hoc|x86.Build.0 = Debug|Any CPU
		{2DC74979-3305-4F07-BFDB-C822C76BEBBF}.AppStore|Any CPU.ActiveCfg = Release|Any CPU
		{2DC74979-3305-4F07-BFDB-C822C76BEBBF}.AppStore|Any CPU.Build.0 = Release|Any CPU
		{2DC74979-3305-4F07-BFDB-C822C76BEBBF}.AppStore|iPhone.ActiveCfg = Release|Any CPU
		{2DC74979-3305-4F07-BFDB-C822C76BEBBF}.AppStore|iPhone.Build.0 = Release|Any CPU
		{2DC74979-3305-4F07-BFDB-C822C76BEBBF}.AppStore|iPhoneSimulator.ActiveCfg = Release|Any CPU
		{2DC74979-3305-4F07-BFDB-C822C76BEBBF}.AppStore|iPhoneSimulator.Build.0 = Release|Any CPU
		{2DC74979-3305-4F07-BFDB-C822C76BEBBF}.AppStore|x86.ActiveCfg = Debug|Any CPU
		{2DC74979-3305-4F07-BFDB-C822C76BEBBF}.AppStore|x86.Build.0 = Debug|Any CPU
		{2DC74979-3305-4F07-BFDB-C822C76BEBBF}.Debug|Any CPU.ActiveCfg = Debug|Any CPU
		{2DC74979-3305-4F07-BFDB-C822C76BEBBF}.Debug|Any CPU.Build.0 = Debug|Any CPU
		{2DC74979-3305-4F07-BFDB-C822C76BEBBF}.Debug|iPhone.ActiveCfg = Debug|Any CPU
		{2DC74979-3305-4F07-BFDB-C822C76BEBBF}.Debug|iPhone.Build.0 = Debug|Any CPU
		{2DC74979-3305-4F07-BFDB-C822C76BEBBF}.Debug|iPhoneSimulator.ActiveCfg = Debug|Any CPU
		{2DC74979-3305-4F07-BFDB-C822C76BEBBF}.Debug|iPhoneSimulator.Build.0 = Debug|Any CPU
		{2DC74979-3305-4F07-BFDB-C822C76BEBBF}.Debug|x86.ActiveCfg = Debug|Any CPU
		{2DC74979-3305-4F07-BFDB-C822C76BEBBF}.Debug|x86.Build.0 = Debug|Any CPU
		{2DC74979-3305-4F07-BFDB-C822C76BEBBF}.Release|Any CPU.ActiveCfg = Release|Any CPU
		{2DC74979-3305-4F07-BFDB-C822C76BEBBF}.Release|Any CPU.Build.0 = Release|Any CPU
		{2DC74979-3305-4F07-BFDB-C822C76BEBBF}.Release|iPhone.ActiveCfg = Release|Any CPU
		{2DC74979-3305-4F07-BFDB-C822C76BEBBF}.Release|iPhone.Build.0 = Release|Any CPU
		{2DC74979-3305-4F07-BFDB-C822C76BEBBF}.Release|iPhoneSimulator.ActiveCfg = Release|Any CPU
		{2DC74979-3305-4F07-BFDB-C822C76BEBBF}.Release|iPhoneSimulator.Build.0 = Release|Any CPU
		{2DC74979-3305-4F07-BFDB-C822C76BEBBF}.Release|x86.ActiveCfg = Release|Any CPU
		{2DC74979-3305-4F07-BFDB-C822C76BEBBF}.Release|x86.Build.0 = Release|Any CPU
		{01E941B3-B3F5-4508-95FF-214270C399D8}.Ad-Hoc|Any CPU.ActiveCfg = Release|Any CPU
		{01E941B3-B3F5-4508-95FF-214270C399D8}.Ad-Hoc|Any CPU.Build.0 = Release|Any CPU
		{01E941B3-B3F5-4508-95FF-214270C399D8}.Ad-Hoc|iPhone.ActiveCfg = Release|Any CPU
		{01E941B3-B3F5-4508-95FF-214270C399D8}.Ad-Hoc|iPhone.Build.0 = Release|Any CPU
		{01E941B3-B3F5-4508-95FF-214270C399D8}.Ad-Hoc|iPhoneSimulator.ActiveCfg = Release|Any CPU
		{01E941B3-B3F5-4508-95FF-214270C399D8}.Ad-Hoc|iPhoneSimulator.Build.0 = Release|Any CPU
		{01E941B3-B3F5-4508-95FF-214270C399D8}.Ad-Hoc|x86.ActiveCfg = Debug|Any CPU
		{01E941B3-B3F5-4508-95FF-214270C399D8}.Ad-Hoc|x86.Build.0 = Debug|Any CPU
		{01E941B3-B3F5-4508-95FF-214270C399D8}.AppStore|Any CPU.ActiveCfg = Release|Any CPU
		{01E941B3-B3F5-4508-95FF-214270C399D8}.AppStore|Any CPU.Build.0 = Release|Any CPU
		{01E941B3-B3F5-4508-95FF-214270C399D8}.AppStore|iPhone.ActiveCfg = Release|Any CPU
		{01E941B3-B3F5-4508-95FF-214270C399D8}.AppStore|iPhone.Build.0 = Release|Any CPU
		{01E941B3-B3F5-4508-95FF-214270C399D8}.AppStore|iPhoneSimulator.ActiveCfg = Release|Any CPU
		{01E941B3-B3F5-4508-95FF-214270C399D8}.AppStore|iPhoneSimulator.Build.0 = Release|Any CPU
		{01E941B3-B3F5-4508-95FF-214270C399D8}.AppStore|x86.ActiveCfg = Debug|Any CPU
		{01E941B3-B3F5-4508-95FF-214270C399D8}.AppStore|x86.Build.0 = Debug|Any CPU
		{01E941B3-B3F5-4508-95FF-214270C399D8}.Debug|Any CPU.ActiveCfg = Debug|Any CPU
		{01E941B3-B3F5-4508-95FF-214270C399D8}.Debug|Any CPU.Build.0 = Debug|Any CPU
		{01E941B3-B3F5-4508-95FF-214270C399D8}.Debug|iPhone.ActiveCfg = Debug|Any CPU
		{01E941B3-B3F5-4508-95FF-214270C399D8}.Debug|iPhone.Build.0 = Debug|Any CPU
		{01E941B3-B3F5-4508-95FF-214270C399D8}.Debug|iPhoneSimulator.ActiveCfg = Debug|Any CPU
		{01E941B3-B3F5-4508-95FF-214270C399D8}.Debug|iPhoneSimulator.Build.0 = Debug|Any CPU
		{01E941B3-B3F5-4508-95FF-214270C399D8}.Debug|x86.ActiveCfg = Debug|Any CPU
		{01E941B3-B3F5-4508-95FF-214270C399D8}.Debug|x86.Build.0 = Debug|Any CPU
		{01E941B3-B3F5-4508-95FF-214270C399D8}.Release|Any CPU.ActiveCfg = Release|Any CPU
		{01E941B3-B3F5-4508-95FF-214270C399D8}.Release|Any CPU.Build.0 = Release|Any CPU
		{01E941B3-B3F5-4508-95FF-214270C399D8}.Release|iPhone.ActiveCfg = Release|Any CPU
		{01E941B3-B3F5-4508-95FF-214270C399D8}.Release|iPhone.Build.0 = Release|Any CPU
		{01E941B3-B3F5-4508-95FF-214270C399D8}.Release|iPhoneSimulator.ActiveCfg = Release|Any CPU
		{01E941B3-B3F5-4508-95FF-214270C399D8}.Release|iPhoneSimulator.Build.0 = Release|Any CPU
		{01E941B3-B3F5-4508-95FF-214270C399D8}.Release|x86.ActiveCfg = Release|Any CPU
		{01E941B3-B3F5-4508-95FF-214270C399D8}.Release|x86.Build.0 = Release|Any CPU
		{0AA13CC5-6018-4974-B1B7-8DFCE1B73162}.Ad-Hoc|Any CPU.ActiveCfg = Release|Any CPU
		{0AA13CC5-6018-4974-B1B7-8DFCE1B73162}.Ad-Hoc|Any CPU.Build.0 = Release|Any CPU
		{0AA13CC5-6018-4974-B1B7-8DFCE1B73162}.Ad-Hoc|iPhone.ActiveCfg = Release|Any CPU
		{0AA13CC5-6018-4974-B1B7-8DFCE1B73162}.Ad-Hoc|iPhone.Build.0 = Release|Any CPU
		{0AA13CC5-6018-4974-B1B7-8DFCE1B73162}.Ad-Hoc|iPhoneSimulator.ActiveCfg = Release|Any CPU
		{0AA13CC5-6018-4974-B1B7-8DFCE1B73162}.Ad-Hoc|iPhoneSimulator.Build.0 = Release|Any CPU
		{0AA13CC5-6018-4974-B1B7-8DFCE1B73162}.Ad-Hoc|x86.ActiveCfg = Debug|Any CPU
		{0AA13CC5-6018-4974-B1B7-8DFCE1B73162}.Ad-Hoc|x86.Build.0 = Debug|Any CPU
		{0AA13CC5-6018-4974-B1B7-8DFCE1B73162}.AppStore|Any CPU.ActiveCfg = Release|Any CPU
		{0AA13CC5-6018-4974-B1B7-8DFCE1B73162}.AppStore|Any CPU.Build.0 = Release|Any CPU
		{0AA13CC5-6018-4974-B1B7-8DFCE1B73162}.AppStore|iPhone.ActiveCfg = Release|Any CPU
		{0AA13CC5-6018-4974-B1B7-8DFCE1B73162}.AppStore|iPhone.Build.0 = Release|Any CPU
		{0AA13CC5-6018-4974-B1B7-8DFCE1B73162}.AppStore|iPhoneSimulator.ActiveCfg = Release|Any CPU
		{0AA13CC5-6018-4974-B1B7-8DFCE1B73162}.AppStore|iPhoneSimulator.Build.0 = Release|Any CPU
		{0AA13CC5-6018-4974-B1B7-8DFCE1B73162}.AppStore|x86.ActiveCfg = Debug|Any CPU
		{0AA13CC5-6018-4974-B1B7-8DFCE1B73162}.AppStore|x86.Build.0 = Debug|Any CPU
		{0AA13CC5-6018-4974-B1B7-8DFCE1B73162}.Debug|Any CPU.ActiveCfg = Debug|Any CPU
		{0AA13CC5-6018-4974-B1B7-8DFCE1B73162}.Debug|Any CPU.Build.0 = Debug|Any CPU
		{0AA13CC5-6018-4974-B1B7-8DFCE1B73162}.Debug|iPhone.ActiveCfg = Debug|Any CPU
		{0AA13CC5-6018-4974-B1B7-8DFCE1B73162}.Debug|iPhone.Build.0 = Debug|Any CPU
		{0AA13CC5-6018-4974-B1B7-8DFCE1B73162}.Debug|iPhoneSimulator.ActiveCfg = Debug|Any CPU
		{0AA13CC5-6018-4974-B1B7-8DFCE1B73162}.Debug|iPhoneSimulator.Build.0 = Debug|Any CPU
		{0AA13CC5-6018-4974-B1B7-8DFCE1B73162}.Debug|x86.ActiveCfg = Debug|Any CPU
		{0AA13CC5-6018-4974-B1B7-8DFCE1B73162}.Debug|x86.Build.0 = Debug|Any CPU
		{0AA13CC5-6018-4974-B1B7-8DFCE1B73162}.Release|Any CPU.ActiveCfg = Release|Any CPU
		{0AA13CC5-6018-4974-B1B7-8DFCE1B73162}.Release|Any CPU.Build.0 = Release|Any CPU
		{0AA13CC5-6018-4974-B1B7-8DFCE1B73162}.Release|iPhone.ActiveCfg = Release|Any CPU
		{0AA13CC5-6018-4974-B1B7-8DFCE1B73162}.Release|iPhone.Build.0 = Release|Any CPU
		{0AA13CC5-6018-4974-B1B7-8DFCE1B73162}.Release|iPhoneSimulator.ActiveCfg = Release|Any CPU
		{0AA13CC5-6018-4974-B1B7-8DFCE1B73162}.Release|iPhoneSimulator.Build.0 = Release|Any CPU
		{0AA13CC5-6018-4974-B1B7-8DFCE1B73162}.Release|x86.ActiveCfg = Release|Any CPU
		{0AA13CC5-6018-4974-B1B7-8DFCE1B73162}.Release|x86.Build.0 = Release|Any CPU
	EndGlobalSection
	GlobalSection(SolutionProperties) = preSolution
		HideSolutionNode = FALSE
	EndGlobalSection
	GlobalSection(ExtensibilityGlobals) = postSolution
		SolutionGuid = {617C2935-3D5A-445C-A30A-D84516F1C3F8}
	EndGlobalSection
EndGlobal
